
Microsoft Visual Studio Solution File, Format Version 12.00
# Visual Studio Version 17
VisualStudioVersion = 17.0.32112.339
MinimumVisualStudioVersion = 10.0.40219.1
Project("{FAE04EC0-301F-11D3-BF4B-00C04F79EFBC}") = "BlazorServerDemo", "BlazorServerDemo.csproj", "{D461824F-A573-4D23-B162-26C42C9B073E}"
EndProject
Global
	GlobalSection(SolutionConfigurationPlatforms) = preSolution
		Debug|Any CPU = Debug|Any CPU
		Release|Any CPU = Release|Any CPU
	EndGlobalSection
	GlobalSection(ProjectConfigurationPlatforms) = postSolution
		{D461824F-A573-4D23-B162-26C42C9B073E}.Debug|Any CPU.ActiveCfg = Debug|Any CPU
		{D461824F-A573-4D23-B162-26C42C9B073E}.Debug|Any CPU.Build.0 = Debug|Any CPU
		{D461824F-A573-4D23-B162-26C42C9B073E}.Release|Any CPU.ActiveCfg = Release|Any CPU
		{D461824F-A573-4D23-B162-26C42C9B073E}.Release|Any CPU.Build.0 = Release|Any CPU
	EndGlobalSection
	GlobalSection(SolutionProperties) = preSolution
		HideSolutionNode = FALSE
	EndGlobalSection
	GlobalSection(ExtensibilityGlobals) = postSolution
		SolutionGuid = {CB3760E6-6B8A-4476-AFE9-11F378F1F488}
	EndGlobalSection
EndGlobal
